// !$*UTF8*$!
{
	archiveVersion = 1;
	classes = {
	};
	objectVersion = 70;
	objects = {

/* Begin PBXBuildFile section */
		1A0785FF2E687097008B50DE /* Domain.swift in Sources */ = {isa = PBXBuildFile; fileRef = 1A0785FE2E68708B008B50DE /* Domain.swift */; };
		1A0786012E6871DC008B50DE /* PlaceFeature.swift in Sources */ = {isa = PBXBuildFile; fileRef = 1A0786002E6871D7008B50DE /* PlaceFeature.swift */; };
		1A0786032E68726E008B50DE /* PlaceView.swift in Sources */ = {isa = PBXBuildFile; fileRef = 1A0786022E68726A008B50DE /* PlaceView.swift */; };
		1A0786052E687299008B50DE /* PlacesFeature.swift in Sources */ = {isa = PBXBuildFile; fileRef = 1A0786042E687294008B50DE /* PlacesFeature.swift */; };
		1A0786072E6872BC008B50DE /* PlacesView.swift in Sources */ = {isa = PBXBuildFile; fileRef = 1A0786062E6872B9008B50DE /* PlacesView.swift */; };
		1A0786092E68BAAA008B50DE /* AddFoodItemView.swift in Sources */ = {isa = PBXBuildFile; fileRef = 1A0786082E68BAA4008B50DE /* AddFoodItemView.swift */; };
		1A07860B2E6A26A8008B50DE /* PersistenceModels.swift in Sources */ = {isa = PBXBuildFile; fileRef = 1A07860A2E6A26A0008B50DE /* PersistenceModels.swift */; };
		1A07860D2E6A281B008B50DE /* DBClient.swift in Sources */ = {isa = PBXBuildFile; fileRef = 1A07860C2E6A280D008B50DE /* DBClient.swift */; };
		1A0889E92E6B587D00DE458B /* NotificationClient.swift in Sources */ = {isa = PBXBuildFile; fileRef = 1A0889E82E6B587800DE458B /* NotificationClient.swift */; };
		1A0889EF2E6BCC7000DE458B /* ExpirationLogic.swift in Sources */ = {isa = PBXBuildFile; fileRef = 1A0889EE2E6BCC6400DE458B /* ExpirationLogic.swift */; };
		1A0889F12E6BCCEF00DE458B /* PlacesView+Components.swift in Sources */ = {isa = PBXBuildFile; fileRef = 1A0889F02E6BCCE100DE458B /* PlacesView+Components.swift */; };
		1A0889F42E6BD5F200DE458B /* ExpirationFeature.swift in Sources */ = {isa = PBXBuildFile; fileRef = 1A0889F32E6BD5ED00DE458B /* ExpirationFeature.swift */; };
		1A0889F72E6BD62700DE458B /* ExpirationView.swift in Sources */ = {isa = PBXBuildFile; fileRef = 1A0889F62E6BD62300DE458B /* ExpirationView.swift */; };
		1A0889FA2E6BD96D00DE458B /* ExpirationRowBuilder.swift in Sources */ = {isa = PBXBuildFile; fileRef = 1A0889F92E6BD95C00DE458B /* ExpirationRowBuilder.swift */; };
		1A255DE42E65E9C7005BA185 /* PantryPalApp.swift in Sources */ = {isa = PBXBuildFile; fileRef = 1A255DE32E65E9C7005BA185 /* PantryPalApp.swift */; };
		1A255DEA2E65E9C9005BA185 /* Assets.xcassets in Resources */ = {isa = PBXBuildFile; fileRef = 1A255DE92E65E9C9005BA185 /* Assets.xcassets */; };
		1A255DED2E65E9C9005BA185 /* Preview Assets.xcassets in Resources */ = {isa = PBXBuildFile; fileRef = 1A255DEC2E65E9C9005BA185 /* Preview Assets.xcassets */; };
		1A255DF72E65E9C9005BA185 /* PantryPalTests.swift in Sources */ = {isa = PBXBuildFile; fileRef = 1A255DF62E65E9C9005BA185 /* PantryPalTests.swift */; };
		1A255E012E65E9C9005BA185 /* PantryPalUITests.swift in Sources */ = {isa = PBXBuildFile; fileRef = 1A255E002E65E9C9005BA185 /* PantryPalUITests.swift */; };
		1A255E032E65E9C9005BA185 /* PantryPalUITestsLaunchTests.swift in Sources */ = {isa = PBXBuildFile; fileRef = 1A255E022E65E9C9005BA185 /* PantryPalUITestsLaunchTests.swift */; };
		1A255E122E65EC4C005BA185 /* ComposableArchitecture in Frameworks */ = {isa = PBXBuildFile; productRef = 1A255E112E65EC4C005BA185 /* ComposableArchitecture */; };
		1A6377EE2E6CF32C00C6AAA2 /* Color+Hex.swift in Sources */ = {isa = PBXBuildFile; fileRef = 1A6377ED2E6CF31C00C6AAA2 /* Color+Hex.swift */; };
		1AB983FE2E8DE44D00458600 /* BackgroundRefresh.swift in Sources */ = {isa = PBXBuildFile; fileRef = 1AB983FD2E8DE44200458600 /* BackgroundRefresh.swift */; };
		1ADEB0022E7373B9000D4B6F /* WidgetKit.framework in Frameworks */ = {isa = PBXBuildFile; fileRef = 1ADEB0012E7373B9000D4B6F /* WidgetKit.framework */; };
		1ADEB0042E7373B9000D4B6F /* SwiftUI.framework in Frameworks */ = {isa = PBXBuildFile; fileRef = 1ADEB0032E7373B9000D4B6F /* SwiftUI.framework */; };
		1ADEB0152E7373BA000D4B6F /* MiniExtension.appex in Embed Foundation Extensions */ = {isa = PBXBuildFile; fileRef = 1ADEB0002E7373B9000D4B6F /* MiniExtension.appex */; settings = {ATTRIBUTES = (RemoveHeadersOnCopy, ); }; };
		1ADEB0222E7383F1000D4B6F /* WidgetSnapshot.swift in Sources */ = {isa = PBXBuildFile; fileRef = 1ADEB0212E7383EC000D4B6F /* WidgetSnapshot.swift */; };
		1ADEB0252E7385A5000D4B6F /* WidgetSnapshot.swift in Sources */ = {isa = PBXBuildFile; fileRef = 1ADEB0212E7383EC000D4B6F /* WidgetSnapshot.swift */; };
		1ADEB0262E7385A5000D4B6F /* WidgetSnapshot.swift in Sources */ = {isa = PBXBuildFile; fileRef = 1ADEB0212E7383EC000D4B6F /* WidgetSnapshot.swift */; };
		1ADEB0272E7385A5000D4B6F /* WidgetSnapshot.swift in Sources */ = {isa = PBXBuildFile; fileRef = 1ADEB0212E7383EC000D4B6F /* WidgetSnapshot.swift */; };
		1ADEB0292E7387A2000D4B6F /* WidgetDataWriter.swift in Sources */ = {isa = PBXBuildFile; fileRef = 1ADEB0282E738798000D4B6F /* WidgetDataWriter.swift */; };
/* End PBXBuildFile section */

/* Begin PBXContainerItemProxy section */
		1A255DF32E65E9C9005BA185 /* PBXContainerItemProxy */ = {
			isa = PBXContainerItemProxy;
			containerPortal = 1A255DD82E65E9C7005BA185 /* Project object */;
			proxyType = 1;
			remoteGlobalIDString = 1A255DDF2E65E9C7005BA185;
			remoteInfo = PantryPal;
		};
		1A255DFD2E65E9C9005BA185 /* PBXContainerItemProxy */ = {
			isa = PBXContainerItemProxy;
			containerPortal = 1A255DD82E65E9C7005BA185 /* Project object */;
			proxyType = 1;
			remoteGlobalIDString = 1A255DDF2E65E9C7005BA185;
			remoteInfo = PantryPal;
		};
		1ADEB0132E7373BA000D4B6F /* PBXContainerItemProxy */ = {
			isa = PBXContainerItemProxy;
			containerPortal = 1A255DD82E65E9C7005BA185 /* Project object */;
			proxyType = 1;
			remoteGlobalIDString = 1ADEAFFF2E7373B9000D4B6F;
			remoteInfo = MiniExtension;
		};
/* End PBXContainerItemProxy section */

/* Begin PBXCopyFilesBuildPhase section */
		1ADEB0162E7373BA000D4B6F /* Embed Foundation Extensions */ = {
			isa = PBXCopyFilesBuildPhase;
			buildActionMask = 2147483647;
			dstPath = "";
			dstSubfolderSpec = 13;
			files = (
				1ADEB0152E7373BA000D4B6F /* MiniExtension.appex in Embed Foundation Extensions */,
			);
			name = "Embed Foundation Extensions";
			runOnlyForDeploymentPostprocessing = 0;
		};
/* End PBXCopyFilesBuildPhase section */

/* Begin PBXFileReference section */
		1A0785FE2E68708B008B50DE /* Domain.swift */ = {isa = PBXFileReference; lastKnownFileType = sourcecode.swift; path = Domain.swift; sourceTree = "<group>"; };
		1A0786002E6871D7008B50DE /* PlaceFeature.swift */ = {isa = PBXFileReference; lastKnownFileType = sourcecode.swift; path = PlaceFeature.swift; sourceTree = "<group>"; };
		1A0786022E68726A008B50DE /* PlaceView.swift */ = {isa = PBXFileReference; lastKnownFileType = sourcecode.swift; path = PlaceView.swift; sourceTree = "<group>"; };
		1A0786042E687294008B50DE /* PlacesFeature.swift */ = {isa = PBXFileReference; lastKnownFileType = sourcecode.swift; path = PlacesFeature.swift; sourceTree = "<group>"; };
		1A0786062E6872B9008B50DE /* PlacesView.swift */ = {isa = PBXFileReference; lastKnownFileType = sourcecode.swift; path = PlacesView.swift; sourceTree = "<group>"; };
		1A0786082E68BAA4008B50DE /* AddFoodItemView.swift */ = {isa = PBXFileReference; lastKnownFileType = sourcecode.swift; path = AddFoodItemView.swift; sourceTree = "<group>"; };
		1A07860A2E6A26A0008B50DE /* PersistenceModels.swift */ = {isa = PBXFileReference; lastKnownFileType = sourcecode.swift; path = PersistenceModels.swift; sourceTree = "<group>"; };
		1A07860C2E6A280D008B50DE /* DBClient.swift */ = {isa = PBXFileReference; lastKnownFileType = sourcecode.swift; path = DBClient.swift; sourceTree = "<group>"; };
		1A0889E82E6B587800DE458B /* NotificationClient.swift */ = {isa = PBXFileReference; lastKnownFileType = sourcecode.swift; path = NotificationClient.swift; sourceTree = "<group>"; };
		1A0889EE2E6BCC6400DE458B /* ExpirationLogic.swift */ = {isa = PBXFileReference; lastKnownFileType = sourcecode.swift; path = ExpirationLogic.swift; sourceTree = "<group>"; };
		1A0889F02E6BCCE100DE458B /* PlacesView+Components.swift */ = {isa = PBXFileReference; lastKnownFileType = sourcecode.swift; path = "PlacesView+Components.swift"; sourceTree = "<group>"; };
		1A0889F32E6BD5ED00DE458B /* ExpirationFeature.swift */ = {isa = PBXFileReference; lastKnownFileType = sourcecode.swift; path = ExpirationFeature.swift; sourceTree = "<group>"; };
		1A0889F62E6BD62300DE458B /* ExpirationView.swift */ = {isa = PBXFileReference; lastKnownFileType = sourcecode.swift; path = ExpirationView.swift; sourceTree = "<group>"; };
		1A0889F92E6BD95C00DE458B /* ExpirationRowBuilder.swift */ = {isa = PBXFileReference; lastKnownFileType = sourcecode.swift; path = ExpirationRowBuilder.swift; sourceTree = "<group>"; };
		1A255DE02E65E9C7005BA185 /* PantryPal.app */ = {isa = PBXFileReference; explicitFileType = wrapper.application; includeInIndex = 0; path = PantryPal.app; sourceTree = BUILT_PRODUCTS_DIR; };
		1A255DE32E65E9C7005BA185 /* PantryPalApp.swift */ = {isa = PBXFileReference; lastKnownFileType = sourcecode.swift; path = PantryPalApp.swift; sourceTree = "<group>"; };
		1A255DE92E65E9C9005BA185 /* Assets.xcassets */ = {isa = PBXFileReference; lastKnownFileType = folder.assetcatalog; path = Assets.xcassets; sourceTree = "<group>"; };
		1A255DEC2E65E9C9005BA185 /* Preview Assets.xcassets */ = {isa = PBXFileReference; lastKnownFileType = folder.assetcatalog; path = "Preview Assets.xcassets"; sourceTree = "<group>"; };
		1A255DF22E65E9C9005BA185 /* PantryPalTests.xctest */ = {isa = PBXFileReference; explicitFileType = wrapper.cfbundle; includeInIndex = 0; path = PantryPalTests.xctest; sourceTree = BUILT_PRODUCTS_DIR; };
		1A255DF62E65E9C9005BA185 /* PantryPalTests.swift */ = {isa = PBXFileReference; lastKnownFileType = sourcecode.swift; path = PantryPalTests.swift; sourceTree = "<group>"; };
		1A255DFC2E65E9C9005BA185 /* PantryPalUITests.xctest */ = {isa = PBXFileReference; explicitFileType = wrapper.cfbundle; includeInIndex = 0; path = PantryPalUITests.xctest; sourceTree = BUILT_PRODUCTS_DIR; };
		1A255E002E65E9C9005BA185 /* PantryPalUITests.swift */ = {isa = PBXFileReference; lastKnownFileType = sourcecode.swift; path = PantryPalUITests.swift; sourceTree = "<group>"; };
		1A255E022E65E9C9005BA185 /* PantryPalUITestsLaunchTests.swift */ = {isa = PBXFileReference; lastKnownFileType = sourcecode.swift; path = PantryPalUITestsLaunchTests.swift; sourceTree = "<group>"; };
		1A6377ED2E6CF31C00C6AAA2 /* Color+Hex.swift */ = {isa = PBXFileReference; lastKnownFileType = sourcecode.swift; path = "Color+Hex.swift"; sourceTree = "<group>"; };
		1AB983FB2E8DE22F00458600 /* Info.plist */ = {isa = PBXFileReference; lastKnownFileType = text.plist; path = Info.plist; sourceTree = "<group>"; };
		1AB983FD2E8DE44200458600 /* BackgroundRefresh.swift */ = {isa = PBXFileReference; lastKnownFileType = sourcecode.swift; path = BackgroundRefresh.swift; sourceTree = "<group>"; };
		1ADEB0002E7373B9000D4B6F /* MiniExtension.appex */ = {isa = PBXFileReference; explicitFileType = "wrapper.app-extension"; includeInIndex = 0; path = MiniExtension.appex; sourceTree = BUILT_PRODUCTS_DIR; };
		1ADEB0012E7373B9000D4B6F /* WidgetKit.framework */ = {isa = PBXFileReference; lastKnownFileType = wrapper.framework; name = WidgetKit.framework; path = System/Library/Frameworks/WidgetKit.framework; sourceTree = SDKROOT; };
		1ADEB0032E7373B9000D4B6F /* SwiftUI.framework */ = {isa = PBXFileReference; lastKnownFileType = wrapper.framework; name = SwiftUI.framework; path = System/Library/Frameworks/SwiftUI.framework; sourceTree = SDKROOT; };
		1ADEB01F2E737E4E000D4B6F /* PantryPal.entitlements */ = {isa = PBXFileReference; lastKnownFileType = text.plist.entitlements; path = PantryPal.entitlements; sourceTree = "<group>"; };
		1ADEB0202E737E5B000D4B6F /* MiniExtension.entitlements */ = {isa = PBXFileReference; lastKnownFileType = text.plist.entitlements; path = MiniExtension.entitlements; sourceTree = "<group>"; };
		1ADEB0212E7383EC000D4B6F /* WidgetSnapshot.swift */ = {isa = PBXFileReference; lastKnownFileType = sourcecode.swift; path = WidgetSnapshot.swift; sourceTree = "<group>"; };
		1ADEB0282E738798000D4B6F /* WidgetDataWriter.swift */ = {isa = PBXFileReference; lastKnownFileType = sourcecode.swift; path = WidgetDataWriter.swift; sourceTree = "<group>"; };
/* End PBXFileReference section */

/* Begin PBXFileSystemSynchronizedBuildFileExceptionSet section */
		1ADEB0192E7373BA000D4B6F /* PBXFileSystemSynchronizedBuildFileExceptionSet */ = {
			isa = PBXFileSystemSynchronizedBuildFileExceptionSet;
			membershipExceptions = (
				Info.plist,
			);
			target = 1ADEAFFF2E7373B9000D4B6F /* MiniExtension */;
		};
/* End PBXFileSystemSynchronizedBuildFileExceptionSet section */

/* Begin PBXFileSystemSynchronizedRootGroup section */
		1ADEB0052E7373B9000D4B6F /* Mini */ = {isa = PBXFileSystemSynchronizedRootGroup; exceptions = (1ADEB0192E7373BA000D4B6F /* PBXFileSystemSynchronizedBuildFileExceptionSet */, ); explicitFileTypes = {}; explicitFolders = (); path = Mini; sourceTree = "<group>"; };
/* End PBXFileSystemSynchronizedRootGroup section */

/* Begin PBXFrameworksBuildPhase section */
		1A255DDD2E65E9C7005BA185 /* Frameworks */ = {
			isa = PBXFrameworksBuildPhase;
			buildActionMask = 2147483647;
			files = (
				1A255E122E65EC4C005BA185 /* ComposableArchitecture in Frameworks */,
			);
			runOnlyForDeploymentPostprocessing = 0;
		};
		1A255DEF2E65E9C9005BA185 /* Frameworks */ = {
			isa = PBXFrameworksBuildPhase;
			buildActionMask = 2147483647;
			files = (
			);
			runOnlyForDeploymentPostprocessing = 0;
		};
		1A255DF92E65E9C9005BA185 /* Frameworks */ = {
			isa = PBXFrameworksBuildPhase;
			buildActionMask = 2147483647;
			files = (
			);
			runOnlyForDeploymentPostprocessing = 0;
		};
		1ADEAFFD2E7373B9000D4B6F /* Frameworks */ = {
			isa = PBXFrameworksBuildPhase;
			buildActionMask = 2147483647;
			files = (
				1ADEB0042E7373B9000D4B6F /* SwiftUI.framework in Frameworks */,
				1ADEB0022E7373B9000D4B6F /* WidgetKit.framework in Frameworks */,
			);
			runOnlyForDeploymentPostprocessing = 0;
		};
/* End PBXFrameworksBuildPhase section */

/* Begin PBXGroup section */
		1A0889EA2E6BC86200DE458B /* Clients */ = {
			isa = PBXGroup;
			children = (
				1ADEB0282E738798000D4B6F /* WidgetDataWriter.swift */,
				1A0889E82E6B587800DE458B /* NotificationClient.swift */,
				1A07860C2E6A280D008B50DE /* DBClient.swift */,
			);
			path = Clients;
			sourceTree = "<group>";
		};
		1A0889EB2E6BC87900DE458B /* Models */ = {
			isa = PBXGroup;
			children = (
				1A0889EE2E6BCC6400DE458B /* ExpirationLogic.swift */,
				1A07860A2E6A26A0008B50DE /* PersistenceModels.swift */,
				1A0785FE2E68708B008B50DE /* Domain.swift */,
			);
			path = Models;
			sourceTree = "<group>";
		};
		1A0889ED2E6BC8AD00DE458B /* Features */ = {
			isa = PBXGroup;
			children = (
				1AB983FC2E8DE43A00458600 /* Background */,
				1ADEB02C2E750CDA000D4B6F /* PlaceFeature */,
				1A6377EC2E6CF30200C6AAA2 /* MainPageFeature */,
				1A0889F82E6BD95200DE458B /* Expiration */,
			);
			path = Features;
			sourceTree = "<group>";
		};
		1A0889F82E6BD95200DE458B /* Expiration */ = {
			isa = PBXGroup;
			children = (
				1A0889F62E6BD62300DE458B /* ExpirationView.swift */,
				1A0889F92E6BD95C00DE458B /* ExpirationRowBuilder.swift */,
				1A0889F32E6BD5ED00DE458B /* ExpirationFeature.swift */,
			);
			path = Expiration;
			sourceTree = "<group>";
		};
		1A255DD72E65E9C7005BA185 = {
			isa = PBXGroup;
			children = (
				1ADEB0212E7383EC000D4B6F /* WidgetSnapshot.swift */,
				1ADEB0202E737E5B000D4B6F /* MiniExtension.entitlements */,
				1A255DE22E65E9C7005BA185 /* PantryPal */,
				1A255DF52E65E9C9005BA185 /* PantryPalTests */,
				1A255DFF2E65E9C9005BA185 /* PantryPalUITests */,
				1ADEB0052E7373B9000D4B6F /* Mini */,
				1A255DE12E65E9C7005BA185 /* Products */,
				1A255E102E65EC4C005BA185 /* Frameworks */,
			);
			sourceTree = "<group>";
		};
		1A255DE12E65E9C7005BA185 /* Products */ = {
			isa = PBXGroup;
			children = (
				1A255DE02E65E9C7005BA185 /* PantryPal.app */,
				1A255DF22E65E9C9005BA185 /* PantryPalTests.xctest */,
				1A255DFC2E65E9C9005BA185 /* PantryPalUITests.xctest */,
				1ADEB0002E7373B9000D4B6F /* MiniExtension.appex */,
			);
			name = Products;
			sourceTree = "<group>";
		};
		1A255DE22E65E9C7005BA185 /* PantryPal */ = {
			isa = PBXGroup;
			children = (
				1AB983FB2E8DE22F00458600 /* Info.plist */,
				1ADEB01F2E737E4E000D4B6F /* PantryPal.entitlements */,
				1A0889ED2E6BC8AD00DE458B /* Features */,
				1A0889EB2E6BC87900DE458B /* Models */,
				1A0889EA2E6BC86200DE458B /* Clients */,
				1A255DE32E65E9C7005BA185 /* PantryPalApp.swift */,
				1A255DE92E65E9C9005BA185 /* Assets.xcassets */,
				1A255DEB2E65E9C9005BA185 /* Preview Content */,
			);
			path = PantryPal;
			sourceTree = "<group>";
		};
		1A255DEB2E65E9C9005BA185 /* Preview Content */ = {
			isa = PBXGroup;
			children = (
				1A255DEC2E65E9C9005BA185 /* Preview Assets.xcassets */,
			);
			path = "Preview Content";
			sourceTree = "<group>";
		};
		1A255DF52E65E9C9005BA185 /* PantryPalTests */ = {
			isa = PBXGroup;
			children = (
				1A255DF62E65E9C9005BA185 /* PantryPalTests.swift */,
			);
			path = PantryPalTests;
			sourceTree = "<group>";
		};
		1A255DFF2E65E9C9005BA185 /* PantryPalUITests */ = {
			isa = PBXGroup;
			children = (
				1A255E002E65E9C9005BA185 /* PantryPalUITests.swift */,
				1A255E022E65E9C9005BA185 /* PantryPalUITestsLaunchTests.swift */,
			);
			path = PantryPalUITests;
			sourceTree = "<group>";
		};
		1A255E102E65EC4C005BA185 /* Frameworks */ = {
			isa = PBXGroup;
			children = (
				1ADEB0012E7373B9000D4B6F /* WidgetKit.framework */,
				1ADEB0032E7373B9000D4B6F /* SwiftUI.framework */,
			);
			name = Frameworks;
			sourceTree = "<group>";
		};
		1A6377EC2E6CF30200C6AAA2 /* MainPageFeature */ = {
			isa = PBXGroup;
			children = (
				1A0786082E68BAA4008B50DE /* AddFoodItemView.swift */,
				1A6377ED2E6CF31C00C6AAA2 /* Color+Hex.swift */,
				1A0786042E687294008B50DE /* PlacesFeature.swift */,
				1A0786062E6872B9008B50DE /* PlacesView.swift */,
				1A0889F02E6BCCE100DE458B /* PlacesView+Components.swift */,
			);
			path = MainPageFeature;
			sourceTree = "<group>";
		};
		1AB983FC2E8DE43A00458600 /* Background */ = {
			isa = PBXGroup;
			children = (
				1AB983FD2E8DE44200458600 /* BackgroundRefresh.swift */,
			);
			path = Background;
			sourceTree = "<group>";
		};
		1ADEB02C2E750CDA000D4B6F /* PlaceFeature */ = {
			isa = PBXGroup;
			children = (
				1A0786022E68726A008B50DE /* PlaceView.swift */,
				1A0786002E6871D7008B50DE /* PlaceFeature.swift */,
			);
			path = PlaceFeature;
			sourceTree = "<group>";
		};
/* End PBXGroup section */

/* Begin PBXNativeTarget section */
		1A255DDF2E65E9C7005BA185 /* PantryPal */ = {
			isa = PBXNativeTarget;
			buildConfigurationList = 1A255E062E65E9C9005BA185 /* Build configuration list for PBXNativeTarget "PantryPal" */;
			buildPhases = (
				1A255DDC2E65E9C7005BA185 /* Sources */,
				1A255DDD2E65E9C7005BA185 /* Frameworks */,
				1A255DDE2E65E9C7005BA185 /* Resources */,
				1ADEB0162E7373BA000D4B6F /* Embed Foundation Extensions */,
			);
			buildRules = (
			);
			dependencies = (
				1ADEB0142E7373BA000D4B6F /* PBXTargetDependency */,
			);
			name = PantryPal;
			packageProductDependencies = (
				1A255E112E65EC4C005BA185 /* ComposableArchitecture */,
			);
			productName = PantryPal;
			productReference = 1A255DE02E65E9C7005BA185 /* PantryPal.app */;
			productType = "com.apple.product-type.application";
		};
		1A255DF12E65E9C9005BA185 /* PantryPalTests */ = {
			isa = PBXNativeTarget;
			buildConfigurationList = 1A255E092E65E9C9005BA185 /* Build configuration list for PBXNativeTarget "PantryPalTests" */;
			buildPhases = (
				1A255DEE2E65E9C9005BA185 /* Sources */,
				1A255DEF2E65E9C9005BA185 /* Frameworks */,
				1A255DF02E65E9C9005BA185 /* Resources */,
			);
			buildRules = (
			);
			dependencies = (
				1A255DF42E65E9C9005BA185 /* PBXTargetDependency */,
			);
			name = PantryPalTests;
			productName = PantryPalTests;
			productReference = 1A255DF22E65E9C9005BA185 /* PantryPalTests.xctest */;
			productType = "com.apple.product-type.bundle.unit-test";
		};
		1A255DFB2E65E9C9005BA185 /* PantryPalUITests */ = {
			isa = PBXNativeTarget;
			buildConfigurationList = 1A255E0C2E65E9C9005BA185 /* Build configuration list for PBXNativeTarget "PantryPalUITests" */;
			buildPhases = (
				1A255DF82E65E9C9005BA185 /* Sources */,
				1A255DF92E65E9C9005BA185 /* Frameworks */,
				1A255DFA2E65E9C9005BA185 /* Resources */,
			);
			buildRules = (
			);
			dependencies = (
				1A255DFE2E65E9C9005BA185 /* PBXTargetDependency */,
			);
			name = PantryPalUITests;
			productName = PantryPalUITests;
			productReference = 1A255DFC2E65E9C9005BA185 /* PantryPalUITests.xctest */;
			productType = "com.apple.product-type.bundle.ui-testing";
		};
		1ADEAFFF2E7373B9000D4B6F /* MiniExtension */ = {
			isa = PBXNativeTarget;
			buildConfigurationList = 1ADEB01A2E7373BA000D4B6F /* Build configuration list for PBXNativeTarget "MiniExtension" */;
			buildPhases = (
				1ADEAFFC2E7373B9000D4B6F /* Sources */,
				1ADEAFFD2E7373B9000D4B6F /* Frameworks */,
				1ADEAFFE2E7373B9000D4B6F /* Resources */,
			);
			buildRules = (
			);
			dependencies = (
			);
			fileSystemSynchronizedGroups = (
				1ADEB0052E7373B9000D4B6F /* Mini */,
			);
			name = MiniExtension;
			packageProductDependencies = (
			);
			productName = MiniExtension;
			productReference = 1ADEB0002E7373B9000D4B6F /* MiniExtension.appex */;
			productType = "com.apple.product-type.app-extension";
		};
/* End PBXNativeTarget section */

/* Begin PBXProject section */
		1A255DD82E65E9C7005BA185 /* Project object */ = {
			isa = PBXProject;
			attributes = {
				BuildIndependentTargetsInParallel = 1;
				LastSwiftUpdateCheck = 1640;
				LastUpgradeCheck = 1640;
				TargetAttributes = {
					1A255DDF2E65E9C7005BA185 = {
						CreatedOnToolsVersion = 15.4;
					};
					1A255DF12E65E9C9005BA185 = {
						CreatedOnToolsVersion = 15.4;
						TestTargetID = 1A255DDF2E65E9C7005BA185;
					};
					1A255DFB2E65E9C9005BA185 = {
						CreatedOnToolsVersion = 15.4;
						TestTargetID = 1A255DDF2E65E9C7005BA185;
					};
					1ADEAFFF2E7373B9000D4B6F = {
						CreatedOnToolsVersion = 16.4;
					};
				};
			};
			buildConfigurationList = 1A255DDB2E65E9C7005BA185 /* Build configuration list for PBXProject "PantryPal" */;
			compatibilityVersion = "Xcode 14.0";
			developmentRegion = en;
			hasScannedForEncodings = 0;
			knownRegions = (
				en,
				Base,
			);
			mainGroup = 1A255DD72E65E9C7005BA185;
			packageReferences = (
				1A255E0F2E65EBE4005BA185 /* XCRemoteSwiftPackageReference "swift-composable-architecture" */,
			);
			productRefGroup = 1A255DE12E65E9C7005BA185 /* Products */;
			projectDirPath = "";
			projectRoot = "";
			targets = (
				1A255DDF2E65E9C7005BA185 /* PantryPal */,
				1A255DF12E65E9C9005BA185 /* PantryPalTests */,
				1A255DFB2E65E9C9005BA185 /* PantryPalUITests */,
				1ADEAFFF2E7373B9000D4B6F /* MiniExtension */,
			);
		};
/* End PBXProject section */

/* Begin PBXResourcesBuildPhase section */
		1A255DDE2E65E9C7005BA185 /* Resources */ = {
			isa = PBXResourcesBuildPhase;
			buildActionMask = 2147483647;
			files = (
				1A255DED2E65E9C9005BA185 /* Preview Assets.xcassets in Resources */,
				1A255DEA2E65E9C9005BA185 /* Assets.xcassets in Resources */,
			);
			runOnlyForDeploymentPostprocessing = 0;
		};
		1A255DF02E65E9C9005BA185 /* Resources */ = {
			isa = PBXResourcesBuildPhase;
			buildActionMask = 2147483647;
			files = (
			);
			runOnlyForDeploymentPostprocessing = 0;
		};
		1A255DFA2E65E9C9005BA185 /* Resources */ = {
			isa = PBXResourcesBuildPhase;
			buildActionMask = 2147483647;
			files = (
			);
			runOnlyForDeploymentPostprocessing = 0;
		};
		1ADEAFFE2E7373B9000D4B6F /* Resources */ = {
			isa = PBXResourcesBuildPhase;
			buildActionMask = 2147483647;
			files = (
			);
			runOnlyForDeploymentPostprocessing = 0;
		};
/* End PBXResourcesBuildPhase section */

/* Begin PBXSourcesBuildPhase section */
		1A255DDC2E65E9C7005BA185 /* Sources */ = {
			isa = PBXSourcesBuildPhase;
			buildActionMask = 2147483647;
			files = (
				1ADEB0292E7387A2000D4B6F /* WidgetDataWriter.swift in Sources */,
				1A0786032E68726E008B50DE /* PlaceView.swift in Sources */,
				1A0786012E6871DC008B50DE /* PlaceFeature.swift in Sources */,
				1AB983FE2E8DE44D00458600 /* BackgroundRefresh.swift in Sources */,
				1A07860B2E6A26A8008B50DE /* PersistenceModels.swift in Sources */,
				1A0786092E68BAAA008B50DE /* AddFoodItemView.swift in Sources */,
				1ADEB0252E7385A5000D4B6F /* WidgetSnapshot.swift in Sources */,
				1A255DE42E65E9C7005BA185 /* PantryPalApp.swift in Sources */,
				1A0889F72E6BD62700DE458B /* ExpirationView.swift in Sources */,
				1A07860D2E6A281B008B50DE /* DBClient.swift in Sources */,
				1A0889FA2E6BD96D00DE458B /* ExpirationRowBuilder.swift in Sources */,
				1A0785FF2E687097008B50DE /* Domain.swift in Sources */,
				1A6377EE2E6CF32C00C6AAA2 /* Color+Hex.swift in Sources */,
				1A0889EF2E6BCC7000DE458B /* ExpirationLogic.swift in Sources */,
				1A0889F42E6BD5F200DE458B /* ExpirationFeature.swift in Sources */,
				1A0786072E6872BC008B50DE /* PlacesView.swift in Sources */,
				1A0786052E687299008B50DE /* PlacesFeature.swift in Sources */,
				1A0889F12E6BCCEF00DE458B /* PlacesView+Components.swift in Sources */,
				1A0889E92E6B587D00DE458B /* NotificationClient.swift in Sources */,
			);
			runOnlyForDeploymentPostprocessing = 0;
		};
		1A255DEE2E65E9C9005BA185 /* Sources */ = {
			isa = PBXSourcesBuildPhase;
			buildActionMask = 2147483647;
			files = (
				1A255DF72E65E9C9005BA185 /* PantryPalTests.swift in Sources */,
				1ADEB0262E7385A5000D4B6F /* WidgetSnapshot.swift in Sources */,
			);
			runOnlyForDeploymentPostprocessing = 0;
		};
		1A255DF82E65E9C9005BA185 /* Sources */ = {
			isa = PBXSourcesBuildPhase;
			buildActionMask = 2147483647;
			files = (
				1A255E032E65E9C9005BA185 /* PantryPalUITestsLaunchTests.swift in Sources */,
				1A255E012E65E9C9005BA185 /* PantryPalUITests.swift in Sources */,
				1ADEB0272E7385A5000D4B6F /* WidgetSnapshot.swift in Sources */,
			);
			runOnlyForDeploymentPostprocessing = 0;
		};
		1ADEAFFC2E7373B9000D4B6F /* Sources */ = {
			isa = PBXSourcesBuildPhase;
			buildActionMask = 2147483647;
			files = (
				1ADEB0222E7383F1000D4B6F /* WidgetSnapshot.swift in Sources */,
			);
			runOnlyForDeploymentPostprocessing = 0;
		};
/* End PBXSourcesBuildPhase section */

/* Begin PBXTargetDependency section */
		1A255DF42E65E9C9005BA185 /* PBXTargetDependency */ = {
			isa = PBXTargetDependency;
			target = 1A255DDF2E65E9C7005BA185 /* PantryPal */;
			targetProxy = 1A255DF32E65E9C9005BA185 /* PBXContainerItemProxy */;
		};
		1A255DFE2E65E9C9005BA185 /* PBXTargetDependency */ = {
			isa = PBXTargetDependency;
			target = 1A255DDF2E65E9C7005BA185 /* PantryPal */;
			targetProxy = 1A255DFD2E65E9C9005BA185 /* PBXContainerItemProxy */;
		};
		1ADEB0142E7373BA000D4B6F /* PBXTargetDependency */ = {
			isa = PBXTargetDependency;
			target = 1ADEAFFF2E7373B9000D4B6F /* MiniExtension */;
			targetProxy = 1ADEB0132E7373BA000D4B6F /* PBXContainerItemProxy */;
		};
/* End PBXTargetDependency section */

/* Begin XCBuildConfiguration section */
		1A255E042E65E9C9005BA185 /* Debug */ = {
			isa = XCBuildConfiguration;
			buildSettings = {
				ALWAYS_SEARCH_USER_PATHS = NO;
				ASSETCATALOG_COMPILER_GENERATE_SWIFT_ASSET_SYMBOL_EXTENSIONS = YES;
				CLANG_ANALYZER_NONNULL = YES;
				CLANG_ANALYZER_NUMBER_OBJECT_CONVERSION = YES_AGGRESSIVE;
				CLANG_CXX_LANGUAGE_STANDARD = "gnu++20";
				CLANG_ENABLE_MODULES = YES;
				CLANG_ENABLE_OBJC_ARC = YES;
				CLANG_ENABLE_OBJC_WEAK = YES;
				CLANG_WARN_BLOCK_CAPTURE_AUTORELEASING = YES;
				CLANG_WARN_BOOL_CONVERSION = YES;
				CLANG_WARN_COMMA = YES;
				CLANG_WARN_CONSTANT_CONVERSION = YES;
				CLANG_WARN_DEPRECATED_OBJC_IMPLEMENTATIONS = YES;
				CLANG_WARN_DIRECT_OBJC_ISA_USAGE = YES_ERROR;
				CLANG_WARN_DOCUMENTATION_COMMENTS = YES;
				CLANG_WARN_EMPTY_BODY = YES;
				CLANG_WARN_ENUM_CONVERSION = YES;
				CLANG_WARN_INFINITE_RECURSION = YES;
				CLANG_WARN_INT_CONVERSION = YES;
				CLANG_WARN_NON_LITERAL_NULL_CONVERSION = YES;
				CLANG_WARN_OBJC_IMPLICIT_RETAIN_SELF = YES;
				CLANG_WARN_OBJC_LITERAL_CONVERSION = YES;
				CLANG_WARN_OBJC_ROOT_CLASS = YES_ERROR;
				CLANG_WARN_QUOTED_INCLUDE_IN_FRAMEWORK_HEADER = YES;
				CLANG_WARN_RANGE_LOOP_ANALYSIS = YES;
				CLANG_WARN_STRICT_PROTOTYPES = YES;
				CLANG_WARN_SUSPICIOUS_MOVE = YES;
				CLANG_WARN_UNGUARDED_AVAILABILITY = YES_AGGRESSIVE;
				CLANG_WARN_UNREACHABLE_CODE = YES;
				CLANG_WARN__DUPLICATE_METHOD_MATCH = YES;
				COPY_PHASE_STRIP = NO;
				DEBUG_INFORMATION_FORMAT = dwarf;
				DEVELOPMENT_TEAM = 9H4HM9FG44;
				ENABLE_STRICT_OBJC_MSGSEND = YES;
				ENABLE_TESTABILITY = YES;
				ENABLE_USER_SCRIPT_SANDBOXING = YES;
				GCC_C_LANGUAGE_STANDARD = gnu17;
				GCC_DYNAMIC_NO_PIC = NO;
				GCC_NO_COMMON_BLOCKS = YES;
				GCC_OPTIMIZATION_LEVEL = 0;
				GCC_PREPROCESSOR_DEFINITIONS = (
					"DEBUG=1",
					"$(inherited)",
				);
				GCC_WARN_64_TO_32_BIT_CONVERSION = YES;
				GCC_WARN_ABOUT_RETURN_TYPE = YES_ERROR;
				GCC_WARN_UNDECLARED_SELECTOR = YES;
				GCC_WARN_UNINITIALIZED_AUTOS = YES_AGGRESSIVE;
				GCC_WARN_UNUSED_FUNCTION = YES;
				GCC_WARN_UNUSED_VARIABLE = YES;
				IPHONEOS_DEPLOYMENT_TARGET = 17.5;
				LOCALIZATION_PREFERS_STRING_CATALOGS = YES;
				MTL_ENABLE_DEBUG_INFO = INCLUDE_SOURCE;
				MTL_FAST_MATH = YES;
				ONLY_ACTIVE_ARCH = YES;
				SDKROOT = iphoneos;
				SWIFT_ACTIVE_COMPILATION_CONDITIONS = "DEBUG $(inherited)";
				SWIFT_OPTIMIZATION_LEVEL = "-Onone";
			};
			name = Debug;
		};
		1A255E052E65E9C9005BA185 /* Release */ = {
			isa = XCBuildConfiguration;
			buildSettings = {
				ALWAYS_SEARCH_USER_PATHS = NO;
				ASSETCATALOG_COMPILER_GENERATE_SWIFT_ASSET_SYMBOL_EXTENSIONS = YES;
				CLANG_ANALYZER_NONNULL = YES;
				CLANG_ANALYZER_NUMBER_OBJECT_CONVERSION = YES_AGGRESSIVE;
				CLANG_CXX_LANGUAGE_STANDARD = "gnu++20";
				CLANG_ENABLE_MODULES = YES;
				CLANG_ENABLE_OBJC_ARC = YES;
				CLANG_ENABLE_OBJC_WEAK = YES;
				CLANG_WARN_BLOCK_CAPTURE_AUTORELEASING = YES;
				CLANG_WARN_BOOL_CONVERSION = YES;
				CLANG_WARN_COMMA = YES;
				CLANG_WARN_CONSTANT_CONVERSION = YES;
				CLANG_WARN_DEPRECATED_OBJC_IMPLEMENTATIONS = YES;
				CLANG_WARN_DIRECT_OBJC_ISA_USAGE = YES_ERROR;
				CLANG_WARN_DOCUMENTATION_COMMENTS = YES;
				CLANG_WARN_EMPTY_BODY = YES;
				CLANG_WARN_ENUM_CONVERSION = YES;
				CLANG_WARN_INFINITE_RECURSION = YES;
				CLANG_WARN_INT_CONVERSION = YES;
				CLANG_WARN_NON_LITERAL_NULL_CONVERSION = YES;
				CLANG_WARN_OBJC_IMPLICIT_RETAIN_SELF = YES;
				CLANG_WARN_OBJC_LITERAL_CONVERSION = YES;
				CLANG_WARN_OBJC_ROOT_CLASS = YES_ERROR;
				CLANG_WARN_QUOTED_INCLUDE_IN_FRAMEWORK_HEADER = YES;
				CLANG_WARN_RANGE_LOOP_ANALYSIS = YES;
				CLANG_WARN_STRICT_PROTOTYPES = YES;
				CLANG_WARN_SUSPICIOUS_MOVE = YES;
				CLANG_WARN_UNGUARDED_AVAILABILITY = YES_AGGRESSIVE;
				CLANG_WARN_UNREACHABLE_CODE = YES;
				CLANG_WARN__DUPLICATE_METHOD_MATCH = YES;
				COPY_PHASE_STRIP = NO;
				DEBUG_INFORMATION_FORMAT = "dwarf-with-dsym";
				DEVELOPMENT_TEAM = 9H4HM9FG44;
				ENABLE_NS_ASSERTIONS = NO;
				ENABLE_STRICT_OBJC_MSGSEND = YES;
				ENABLE_USER_SCRIPT_SANDBOXING = YES;
				GCC_C_LANGUAGE_STANDARD = gnu17;
				GCC_NO_COMMON_BLOCKS = YES;
				GCC_WARN_64_TO_32_BIT_CONVERSION = YES;
				GCC_WARN_ABOUT_RETURN_TYPE = YES_ERROR;
				GCC_WARN_UNDECLARED_SELECTOR = YES;
				GCC_WARN_UNINITIALIZED_AUTOS = YES_AGGRESSIVE;
				GCC_WARN_UNUSED_FUNCTION = YES;
				GCC_WARN_UNUSED_VARIABLE = YES;
				IPHONEOS_DEPLOYMENT_TARGET = 17.5;
				LOCALIZATION_PREFERS_STRING_CATALOGS = YES;
				MTL_ENABLE_DEBUG_INFO = NO;
				MTL_FAST_MATH = YES;
				SDKROOT = iphoneos;
				SWIFT_COMPILATION_MODE = wholemodule;
				VALIDATE_PRODUCT = YES;
			};
			name = Release;
		};
		1A255E072E65E9C9005BA185 /* Debug */ = {
			isa = XCBuildConfiguration;
			buildSettings = {
				ASSETCATALOG_COMPILER_APPICON_NAME = AppIcon;
				ASSETCATALOG_COMPILER_GLOBAL_ACCENT_COLOR_NAME = AccentColor;
				CODE_SIGN_ENTITLEMENTS = PantryPal/PantryPal.entitlements;
				CODE_SIGN_IDENTITY = "Apple Development";
				CODE_SIGN_STYLE = Automatic;
				CURRENT_PROJECT_VERSION = 5;
				DEVELOPMENT_ASSET_PATHS = "\"PantryPal/Preview Content\"";
				DEVELOPMENT_TEAM = 9H4HM9FG44;
				ENABLE_PREVIEWS = YES;
				GENERATE_INFOPLIST_FILE = YES;
				INFOPLIST_FILE = PantryPal/Info.plist;
				INFOPLIST_KEY_CFBundleDisplayName = PantryNeat;
				INFOPLIST_KEY_UIApplicationSceneManifest_Generation = YES;
				INFOPLIST_KEY_UIApplicationSupportsIndirectInputEvents = YES;
				INFOPLIST_KEY_UILaunchScreen_Generation = YES;
				INFOPLIST_KEY_UISupportedInterfaceOrientations = UIInterfaceOrientationPortrait;
				INFOPLIST_KEY_UISupportedInterfaceOrientations_iPad = "UIInterfaceOrientationLandscapeLeft UIInterfaceOrientationLandscapeRight UIInterfaceOrientationPortrait UIInterfaceOrientationPortraitUpsideDown";
				LD_RUNPATH_SEARCH_PATHS = (
					"$(inherited)",
					"@executable_path/Frameworks",
				);
				MARKETING_VERSION = 1.0.4;
				PRODUCT_BUNDLE_IDENTIFIER = VALMAD.PantryPal;
				PRODUCT_NAME = "$(TARGET_NAME)";
				PROVISIONING_PROFILE_SPECIFIER = "";
				SWIFT_EMIT_LOC_STRINGS = YES;
				SWIFT_VERSION = 5.0;
				TARGETED_DEVICE_FAMILY = "1,2";
			};
			name = Debug;
		};
		1A255E082E65E9C9005BA185 /* Release */ = {
			isa = XCBuildConfiguration;
			buildSettings = {
				ASSETCATALOG_COMPILER_APPICON_NAME = AppIcon;
				ASSETCATALOG_COMPILER_GLOBAL_ACCENT_COLOR_NAME = AccentColor;
				CODE_SIGN_ENTITLEMENTS = PantryPal/PantryPal.entitlements;
				CODE_SIGN_IDENTITY = "Apple Development";
				CODE_SIGN_STYLE = Automatic;
				CURRENT_PROJECT_VERSION = 5;
				DEVELOPMENT_ASSET_PATHS = "\"PantryPal/Preview Content\"";
				DEVELOPMENT_TEAM = 9H4HM9FG44;
				ENABLE_PREVIEWS = YES;
				GENERATE_INFOPLIST_FILE = YES;
				INFOPLIST_FILE = PantryPal/Info.plist;
				INFOPLIST_KEY_CFBundleDisplayName = PantryNeat;
				INFOPLIST_KEY_UIApplicationSceneManifest_Generation = YES;
				INFOPLIST_KEY_UIApplicationSupportsIndirectInputEvents = YES;
				INFOPLIST_KEY_UILaunchScreen_Generation = YES;
				INFOPLIST_KEY_UISupportedInterfaceOrientations = UIInterfaceOrientationPortrait;
				INFOPLIST_KEY_UISupportedInterfaceOrientations_iPad = "UIInterfaceOrientationLandscapeLeft UIInterfaceOrientationLandscapeRight UIInterfaceOrientationPortrait UIInterfaceOrientationPortraitUpsideDown";
				LD_RUNPATH_SEARCH_PATHS = (
					"$(inherited)",
					"@executable_path/Frameworks",
				);
				MARKETING_VERSION = 1.0.4;
				PRODUCT_BUNDLE_IDENTIFIER = VALMAD.PantryPal;
				PRODUCT_NAME = "$(TARGET_NAME)";
				PROVISIONING_PROFILE_SPECIFIER = "";
				SWIFT_EMIT_LOC_STRINGS = YES;
				SWIFT_VERSION = 5.0;
				TARGETED_DEVICE_FAMILY = "1,2";
			};
			name = Release;
		};
		1A255E0A2E65E9C9005BA185 /* Debug */ = {
			isa = XCBuildConfiguration;
			buildSettings = {
				BUNDLE_LOADER = "$(TEST_HOST)";
				CODE_SIGN_STYLE = Automatic;
				CURRENT_PROJECT_VERSION = 1;
				GENERATE_INFOPLIST_FILE = YES;
				IPHONEOS_DEPLOYMENT_TARGET = 17.5;
				MARKETING_VERSION = 1.0;
				PRODUCT_BUNDLE_IDENTIFIER = VALMAD.PantryPalTests;
				PRODUCT_NAME = "$(TARGET_NAME)";
				SWIFT_EMIT_LOC_STRINGS = NO;
				SWIFT_VERSION = 5.0;
				TARGETED_DEVICE_FAMILY = "1,2";
				TEST_HOST = "$(BUILT_PRODUCTS_DIR)/PantryPal.app/$(BUNDLE_EXECUTABLE_FOLDER_PATH)/PantryPal";
			};
			name = Debug;
		};
		1A255E0B2E65E9C9005BA185 /* Release */ = {
			isa = XCBuildConfiguration;
			buildSettings = {
				BUNDLE_LOADER = "$(TEST_HOST)";
				CODE_SIGN_STYLE = Automatic;
				CURRENT_PROJECT_VERSION = 1;
				GENERATE_INFOPLIST_FILE = YES;
				IPHONEOS_DEPLOYMENT_TARGET = 17.5;
				MARKETING_VERSION = 1.0;
				PRODUCT_BUNDLE_IDENTIFIER = VALMAD.PantryPalTests;
				PRODUCT_NAME = "$(TARGET_NAME)";
				SWIFT_EMIT_LOC_STRINGS = NO;
				SWIFT_VERSION = 5.0;
				TARGETED_DEVICE_FAMILY = "1,2";
				TEST_HOST = "$(BUILT_PRODUCTS_DIR)/PantryPal.app/$(BUNDLE_EXECUTABLE_FOLDER_PATH)/PantryPal";
			};
			name = Release;
		};
		1A255E0D2E65E9C9005BA185 /* Debug */ = {
			isa = XCBuildConfiguration;
			buildSettings = {
				CODE_SIGN_STYLE = Automatic;
				CURRENT_PROJECT_VERSION = 1;
				GENERATE_INFOPLIST_FILE = YES;
				MARKETING_VERSION = 1.0;
				PRODUCT_BUNDLE_IDENTIFIER = VALMAD.PantryPalUITests;
				PRODUCT_NAME = "$(TARGET_NAME)";
				SWIFT_EMIT_LOC_STRINGS = NO;
				SWIFT_VERSION = 5.0;
				TARGETED_DEVICE_FAMILY = "1,2";
				TEST_TARGET_NAME = PantryPal;
			};
			name = Debug;
		};
		1A255E0E2E65E9C9005BA185 /* Release */ = {
			isa = XCBuildConfiguration;
			buildSettings = {
				CODE_SIGN_STYLE = Automatic;
				CURRENT_PROJECT_VERSION = 1;
				GENERATE_INFOPLIST_FILE = YES;
				MARKETING_VERSION = 1.0;
				PRODUCT_BUNDLE_IDENTIFIER = VALMAD.PantryPalUITests;
				PRODUCT_NAME = "$(TARGET_NAME)";
				SWIFT_EMIT_LOC_STRINGS = NO;
				SWIFT_VERSION = 5.0;
				TARGETED_DEVICE_FAMILY = "1,2";
				TEST_TARGET_NAME = PantryPal;
			};
			name = Release;
		};
		1ADEB0172E7373BA000D4B6F /* Debug */ = {
			isa = XCBuildConfiguration;
			buildSettings = {
				ASSETCATALOG_COMPILER_GLOBAL_ACCENT_COLOR_NAME = AccentColor;
				ASSETCATALOG_COMPILER_WIDGET_BACKGROUND_COLOR_NAME = WidgetBackground;
				CODE_SIGN_ENTITLEMENTS = MiniExtension.entitlements;
				CODE_SIGN_IDENTITY = "Apple Development";
				CODE_SIGN_STYLE = Automatic;
				CURRENT_PROJECT_VERSION = 1;
				DEVELOPMENT_TEAM = 9H4HM9FG44;
				GENERATE_INFOPLIST_FILE = YES;
				INFOPLIST_FILE = Mini/Info.plist;
				INFOPLIST_KEY_CFBundleDisplayName = "Pantry Neat";
				INFOPLIST_KEY_NSHumanReadableCopyright = "";
				IPHONEOS_DEPLOYMENT_TARGET = 18.5;
				LD_RUNPATH_SEARCH_PATHS = (
					"$(inherited)",
					"@executable_path/Frameworks",
					"@executable_path/../../Frameworks",
				);
				MARKETING_VERSION = 1.0;
				PRODUCT_BUNDLE_IDENTIFIER = VALMAD.PantryPal.Mini;
				PRODUCT_NAME = "$(TARGET_NAME)";
				SKIP_INSTALL = YES;
				SWIFT_EMIT_LOC_STRINGS = YES;
				SWIFT_VERSION = 5.0;
				TARGETED_DEVICE_FAMILY = "1,2";
			};
			name = Debug;
		};
		1ADEB0182E7373BA000D4B6F /* Release */ = {
			isa = XCBuildConfiguration;
			buildSettings = {
				ASSETCATALOG_COMPILER_GLOBAL_ACCENT_COLOR_NAME = AccentColor;
				ASSETCATALOG_COMPILER_WIDGET_BACKGROUND_COLOR_NAME = WidgetBackground;
				CODE_SIGN_ENTITLEMENTS = MiniExtension.entitlements;
				CODE_SIGN_IDENTITY = "Apple Development";
				CODE_SIGN_STYLE = Automatic;
				CURRENT_PROJECT_VERSION = 1;
				DEVELOPMENT_TEAM = 9H4HM9FG44;
				GENERATE_INFOPLIST_FILE = YES;
				INFOPLIST_FILE = Mini/Info.plist;
				INFOPLIST_KEY_CFBundleDisplayName = "Pantry Neat";
				INFOPLIST_KEY_NSHumanReadableCopyright = "";
				IPHONEOS_DEPLOYMENT_TARGET = 18.5;
				LD_RUNPATH_SEARCH_PATHS = (
					"$(inherited)",
					"@executable_path/Frameworks",
					"@executable_path/../../Frameworks",
				);
				MARKETING_VERSION = 1.0;
				PRODUCT_BUNDLE_IDENTIFIER = VALMAD.PantryPal.Mini;
				PRODUCT_NAME = "$(TARGET_NAME)";
				SKIP_INSTALL = YES;
				SWIFT_EMIT_LOC_STRINGS = YES;
				SWIFT_VERSION = 5.0;
				TARGETED_DEVICE_FAMILY = "1,2";
			};
			name = Release;
		};
/* End XCBuildConfiguration section */

/* Begin XCConfigurationList section */
		1A255DDB2E65E9C7005BA185 /* Build configuration list for PBXProject "PantryPal" */ = {
			isa = XCConfigurationList;
			buildConfigurations = (
				1A255E042E65E9C9005BA185 /* Debug */,
				1A255E052E65E9C9005BA185 /* Release */,
			);
			defaultConfigurationIsVisible = 0;
			defaultConfigurationName = Release;
		};
		1A255E062E65E9C9005BA185 /* Build configuration list for PBXNativeTarget "PantryPal" */ = {
			isa = XCConfigurationList;
			buildConfigurations = (
				1A255E072E65E9C9005BA185 /* Debug */,
				1A255E082E65E9C9005BA185 /* Release */,
			);
			defaultConfigurationIsVisible = 0;
			defaultConfigurationName = Release;
		};
		1A255E092E65E9C9005BA185 /* Build configuration list for PBXNativeTarget "PantryPalTests" */ = {
			isa = XCConfigurationList;
			buildConfigurations = (
				1A255E0A2E65E9C9005BA185 /* Debug */,
				1A255E0B2E65E9C9005BA185 /* Release */,
			);
			defaultConfigurationIsVisible = 0;
			defaultConfigurationName = Release;
		};
		1A255E0C2E65E9C9005BA185 /* Build configuration list for PBXNativeTarget "PantryPalUITests" */ = {
			isa = XCConfigurationList;
			buildConfigurations = (
				1A255E0D2E65E9C9005BA185 /* Debug */,
				1A255E0E2E65E9C9005BA185 /* Release */,
			);
			defaultConfigurationIsVisible = 0;
			defaultConfigurationName = Release;
		};
		1ADEB01A2E7373BA000D4B6F /* Build configuration list for PBXNativeTarget "MiniExtension" */ = {
			isa = XCConfigurationList;
			buildConfigurations = (
				1ADEB0172E7373BA000D4B6F /* Debug */,
				1ADEB0182E7373BA000D4B6F /* Release */,
			);
			defaultConfigurationIsVisible = 0;
			defaultConfigurationName = Release;
		};
/* End XCConfigurationList section */

/* Begin XCRemoteSwiftPackageReference section */
		1A255E0F2E65EBE4005BA185 /* XCRemoteSwiftPackageReference "swift-composable-architecture" */ = {
			isa = XCRemoteSwiftPackageReference;
			repositoryURL = "https://github.com/pointfreeco/swift-composable-architecture";
			requirement = {
				kind = upToNextMajorVersion;
				minimumVersion = 1.22.2;
			};
		};
/* End XCRemoteSwiftPackageReference section */

/* Begin XCSwiftPackageProductDependency section */
		1A255E112E65EC4C005BA185 /* ComposableArchitecture */ = {
			isa = XCSwiftPackageProductDependency;
			package = 1A255E0F2E65EBE4005BA185 /* XCRemoteSwiftPackageReference "swift-composable-architecture" */;
			productName = ComposableArchitecture;
		};
/* End XCSwiftPackageProductDependency section */
	};
	rootObject = 1A255DD82E65E9C7005BA185 /* Project object */;
}
