// !$*UTF8*$!
{
	archiveVersion = 1;
	classes = {
	};
	objectVersion = 56;
	objects = {

/* Begin PBXBuildFile section */
		1A0785FF2E687097008B50DE /* Domain.swift in Sources */ = {isa = PBXBuildFile; fileRef = 1A0785FE2E68708B008B50DE /* Domain.swift */; };
		1A0786012E6871DC008B50DE /* PlaceFeature.swift in Sources */ = {isa = PBXBuildFile; fileRef = 1A0786002E6871D7008B50DE /* PlaceFeature.swift */; };
		1A0786032E68726E008B50DE /* PlaceView.swift in Sources */ = {isa = PBXBuildFile; fileRef = 1A0786022E68726A008B50DE /* PlaceView.swift */; };
		1A0786052E687299008B50DE /* PlacesFeature.swift in Sources */ = {isa = PBXBuildFile; fileRef = 1A0786042E687294008B50DE /* PlacesFeature.swift */; };
		1A0786072E6872BC008B50DE /* PlacesView.swift in Sources */ = {isa = PBXBuildFile; fileRef = 1A0786062E6872B9008B50DE /* PlacesView.swift */; };
		1A0786092E68BAAA008B50DE /* AddFoodItemView.swift in Sources */ = {isa = PBXBuildFile; fileRef = 1A0786082E68BAA4008B50DE /* AddFoodItemView.swift */; };
		1A07860B2E6A26A8008B50DE /* PersistenceModels.swift in Sources */ = {isa = PBXBuildFile; fileRef = 1A07860A2E6A26A0008B50DE /* PersistenceModels.swift */; };
		1A07860D2E6A281B008B50DE /* DBClient.swift in Sources */ = {isa = PBXBuildFile; fileRef = 1A07860C2E6A280D008B50DE /* DBClient.swift */; };
		1A0889E92E6B587D00DE458B /* NotificationClient.swift in Sources */ = {isa = PBXBuildFile; fileRef = 1A0889E82E6B587800DE458B /* NotificationClient.swift */; };
		1A255DE42E65E9C7005BA185 /* PantryPalApp.swift in Sources */ = {isa = PBXBuildFile; fileRef = 1A255DE32E65E9C7005BA185 /* PantryPalApp.swift */; };
		1A255DE62E65E9C7005BA185 /* ContentView.swift in Sources */ = {isa = PBXBuildFile; fileRef = 1A255DE52E65E9C7005BA185 /* ContentView.swift */; };
		1A255DEA2E65E9C9005BA185 /* Assets.xcassets in Resources */ = {isa = PBXBuildFile; fileRef = 1A255DE92E65E9C9005BA185 /* Assets.xcassets */; };
		1A255DED2E65E9C9005BA185 /* Preview Assets.xcassets in Resources */ = {isa = PBXBuildFile; fileRef = 1A255DEC2E65E9C9005BA185 /* Preview Assets.xcassets */; };
		1A255DF72E65E9C9005BA185 /* PantryPalTests.swift in Sources */ = {isa = PBXBuildFile; fileRef = 1A255DF62E65E9C9005BA185 /* PantryPalTests.swift */; };
		1A255E012E65E9C9005BA185 /* PantryPalUITests.swift in Sources */ = {isa = PBXBuildFile; fileRef = 1A255E002E65E9C9005BA185 /* PantryPalUITests.swift */; };
		1A255E032E65E9C9005BA185 /* PantryPalUITestsLaunchTests.swift in Sources */ = {isa = PBXBuildFile; fileRef = 1A255E022E65E9C9005BA185 /* PantryPalUITestsLaunchTests.swift */; };
		1A255E122E65EC4C005BA185 /* ComposableArchitecture in Frameworks */ = {isa = PBXBuildFile; productRef = 1A255E112E65EC4C005BA185 /* ComposableArchitecture */; };
/* End PBXBuildFile section */

/* Begin PBXContainerItemProxy section */
		1A255DF32E65E9C9005BA185 /* PBXContainerItemProxy */ = {
			isa = PBXContainerItemProxy;
			containerPortal = 1A255DD82E65E9C7005BA185 /* Project object */;
			proxyType = 1;
			remoteGlobalIDString = 1A255DDF2E65E9C7005BA185;
			remoteInfo = PantryPal;
		};
		1A255DFD2E65E9C9005BA185 /* PBXContainerItemProxy */ = {
			isa = PBXContainerItemProxy;
			containerPortal = 1A255DD82E65E9C7005BA185 /* Project object */;
			proxyType = 1;
			remoteGlobalIDString = 1A255DDF2E65E9C7005BA185;
			remoteInfo = PantryPal;
		};
/* End PBXContainerItemProxy section */

/* Begin PBXFileReference section */
		1A0785FE2E68708B008B50DE /* Domain.swift */ = {isa = PBXFileReference; lastKnownFileType = sourcecode.swift; path = Domain.swift; sourceTree = "<group>"; };
		1A0786002E6871D7008B50DE /* PlaceFeature.swift */ = {isa = PBXFileReference; lastKnownFileType = sourcecode.swift; path = PlaceFeature.swift; sourceTree = "<group>"; };
		1A0786022E68726A008B50DE /* PlaceView.swift */ = {isa = PBXFileReference; lastKnownFileType = sourcecode.swift; path = PlaceView.swift; sourceTree = "<group>"; };
		1A0786042E687294008B50DE /* PlacesFeature.swift */ = {isa = PBXFileReference; lastKnownFileType = sourcecode.swift; path = PlacesFeature.swift; sourceTree = "<group>"; };
		1A0786062E6872B9008B50DE /* PlacesView.swift */ = {isa = PBXFileReference; lastKnownFileType = sourcecode.swift; path = PlacesView.swift; sourceTree = "<group>"; };
		1A0786082E68BAA4008B50DE /* AddFoodItemView.swift */ = {isa = PBXFileReference; lastKnownFileType = sourcecode.swift; path = AddFoodItemView.swift; sourceTree = "<group>"; };
		1A07860A2E6A26A0008B50DE /* PersistenceModels.swift */ = {isa = PBXFileReference; lastKnownFileType = sourcecode.swift; path = PersistenceModels.swift; sourceTree = "<group>"; };
		1A07860C2E6A280D008B50DE /* DBClient.swift */ = {isa = PBXFileReference; lastKnownFileType = sourcecode.swift; path = DBClient.swift; sourceTree = "<group>"; };
		1A0889E82E6B587800DE458B /* NotificationClient.swift */ = {isa = PBXFileReference; lastKnownFileType = sourcecode.swift; path = NotificationClient.swift; sourceTree = "<group>"; };
		1A255DE02E65E9C7005BA185 /* PantryPal.app */ = {isa = PBXFileReference; explicitFileType = wrapper.application; includeInIndex = 0; path = PantryPal.app; sourceTree = BUILT_PRODUCTS_DIR; };
		1A255DE32E65E9C7005BA185 /* PantryPalApp.swift */ = {isa = PBXFileReference; lastKnownFileType = sourcecode.swift; path = PantryPalApp.swift; sourceTree = "<group>"; };
		1A255DE52E65E9C7005BA185 /* ContentView.swift */ = {isa = PBXFileReference; lastKnownFileType = sourcecode.swift; path = ContentView.swift; sourceTree = "<group>"; };
		1A255DE92E65E9C9005BA185 /* Assets.xcassets */ = {isa = PBXFileReference; lastKnownFileType = folder.assetcatalog; path = Assets.xcassets; sourceTree = "<group>"; };
		1A255DEC2E65E9C9005BA185 /* Preview Assets.xcassets */ = {isa = PBXFileReference; lastKnownFileType = folder.assetcatalog; path = "Preview Assets.xcassets"; sourceTree = "<group>"; };
		1A255DF22E65E9C9005BA185 /* PantryPalTests.xctest */ = {isa = PBXFileReference; explicitFileType = wrapper.cfbundle; includeInIndex = 0; path = PantryPalTests.xctest; sourceTree = BUILT_PRODUCTS_DIR; };
		1A255DF62E65E9C9005BA185 /* PantryPalTests.swift */ = {isa = PBXFileReference; lastKnownFileType = sourcecode.swift; path = PantryPalTests.swift; sourceTree = "<group>"; };
		1A255DFC2E65E9C9005BA185 /* PantryPalUITests.xctest */ = {isa = PBXFileReference; explicitFileType = wrapper.cfbundle; includeInIndex = 0; path = PantryPalUITests.xctest; sourceTree = BUILT_PRODUCTS_DIR; };
		1A255E002E65E9C9005BA185 /* PantryPalUITests.swift */ = {isa = PBXFileReference; lastKnownFileType = sourcecode.swift; path = PantryPalUITests.swift; sourceTree = "<group>"; };
		1A255E022E65E9C9005BA185 /* PantryPalUITestsLaunchTests.swift */ = {isa = PBXFileReference; lastKnownFileType = sourcecode.swift; path = PantryPalUITestsLaunchTests.swift; sourceTree = "<group>"; };
/* End PBXFileReference section */

/* Begin PBXFrameworksBuildPhase section */
		1A255DDD2E65E9C7005BA185 /* Frameworks */ = {
			isa = PBXFrameworksBuildPhase;
			buildActionMask = 2147483647;
			files = (
				1A255E122E65EC4C005BA185 /* ComposableArchitecture in Frameworks */,
			);
			runOnlyForDeploymentPostprocessing = 0;
		};
		1A255DEF2E65E9C9005BA185 /* Frameworks */ = {
			isa = PBXFrameworksBuildPhase;
			buildActionMask = 2147483647;
			files = (
			);
			runOnlyForDeploymentPostprocessing = 0;
		};
		1A255DF92E65E9C9005BA185 /* Frameworks */ = {
			isa = PBXFrameworksBuildPhase;
			buildActionMask = 2147483647;
			files = (
			);
			runOnlyForDeploymentPostprocessing = 0;
		};
/* End PBXFrameworksBuildPhase section */

/* Begin PBXGroup section */
		1A255DD72E65E9C7005BA185 = {
			isa = PBXGroup;
			children = (
				1A255DE22E65E9C7005BA185 /* PantryPal */,
				1A255DF52E65E9C9005BA185 /* PantryPalTests */,
				1A255DFF2E65E9C9005BA185 /* PantryPalUITests */,
				1A255DE12E65E9C7005BA185 /* Products */,
				1A255E102E65EC4C005BA185 /* Frameworks */,
			);
			sourceTree = "<group>";
		};
		1A255DE12E65E9C7005BA185 /* Products */ = {
			isa = PBXGroup;
			children = (
				1A255DE02E65E9C7005BA185 /* PantryPal.app */,
				1A255DF22E65E9C9005BA185 /* PantryPalTests.xctest */,
				1A255DFC2E65E9C9005BA185 /* PantryPalUITests.xctest */,
			);
			name = Products;
			sourceTree = "<group>";
		};
		1A255DE22E65E9C7005BA185 /* PantryPal */ = {
			isa = PBXGroup;
			children = (
				1A0889E82E6B587800DE458B /* NotificationClient.swift */,
				1A07860C2E6A280D008B50DE /* DBClient.swift */,
				1A07860A2E6A26A0008B50DE /* PersistenceModels.swift */,
				1A0786082E68BAA4008B50DE /* AddFoodItemView.swift */,
				1A0786062E6872B9008B50DE /* PlacesView.swift */,
				1A0786042E687294008B50DE /* PlacesFeature.swift */,
				1A0786022E68726A008B50DE /* PlaceView.swift */,
				1A0786002E6871D7008B50DE /* PlaceFeature.swift */,
				1A0785FE2E68708B008B50DE /* Domain.swift */,
				1A255DE32E65E9C7005BA185 /* PantryPalApp.swift */,
				1A255DE52E65E9C7005BA185 /* ContentView.swift */,
				1A255DE92E65E9C9005BA185 /* Assets.xcassets */,
				1A255DEB2E65E9C9005BA185 /* Preview Content */,
			);
			path = PantryPal;
			sourceTree = "<group>";
		};
		1A255DEB2E65E9C9005BA185 /* Preview Content */ = {
			isa = PBXGroup;
			children = (
				1A255DEC2E65E9C9005BA185 /* Preview Assets.xcassets */,
			);
			path = "Preview Content";
			sourceTree = "<group>";
		};
		1A255DF52E65E9C9005BA185 /* PantryPalTests */ = {
			isa = PBXGroup;
			children = (
				1A255DF62E65E9C9005BA185 /* PantryPalTests.swift */,
			);
			path = PantryPalTests;
			sourceTree = "<group>";
		};
		1A255DFF2E65E9C9005BA185 /* PantryPalUITests */ = {
			isa = PBXGroup;
			children = (
				1A255E002E65E9C9005BA185 /* PantryPalUITests.swift */,
				1A255E022E65E9C9005BA185 /* PantryPalUITestsLaunchTests.swift */,
			);
			path = PantryPalUITests;
			sourceTree = "<group>";
		};
		1A255E102E65EC4C005BA185 /* Frameworks */ = {
			isa = PBXGroup;
			children = (
			);
			name = Frameworks;
			sourceTree = "<group>";
		};
/* End PBXGroup section */

/* Begin PBXNativeTarget section */
		1A255DDF2E65E9C7005BA185 /* PantryPal */ = {
			isa = PBXNativeTarget;
			buildConfigurationList = 1A255E062E65E9C9005BA185 /* Build configuration list for PBXNativeTarget "PantryPal" */;
			buildPhases = (
				1A255DDC2E65E9C7005BA185 /* Sources */,
				1A255DDD2E65E9C7005BA185 /* Frameworks */,
				1A255DDE2E65E9C7005BA185 /* Resources */,
			);
			buildRules = (
			);
			dependencies = (
			);
			name = PantryPal;
			packageProductDependencies = (
				1A255E112E65EC4C005BA185 /* ComposableArchitecture */,
			);
			productName = PantryPal;
			productReference = 1A255DE02E65E9C7005BA185 /* PantryPal.app */;
			productType = "com.apple.product-type.application";
		};
		1A255DF12E65E9C9005BA185 /* PantryPalTests */ = {
			isa = PBXNativeTarget;
			buildConfigurationList = 1A255E092E65E9C9005BA185 /* Build configuration list for PBXNativeTarget "PantryPalTests" */;
			buildPhases = (
				1A255DEE2E65E9C9005BA185 /* Sources */,
				1A255DEF2E65E9C9005BA185 /* Frameworks */,
				1A255DF02E65E9C9005BA185 /* Resources */,
			);
			buildRules = (
			);
			dependencies = (
				1A255DF42E65E9C9005BA185 /* PBXTargetDependency */,
			);
			name = PantryPalTests;
			productName = PantryPalTests;
			productReference = 1A255DF22E65E9C9005BA185 /* PantryPalTests.xctest */;
			productType = "com.apple.product-type.bundle.unit-test";
		};
		1A255DFB2E65E9C9005BA185 /* PantryPalUITests */ = {
			isa = PBXNativeTarget;
			buildConfigurationList = 1A255E0C2E65E9C9005BA185 /* Build configuration list for PBXNativeTarget "PantryPalUITests" */;
			buildPhases = (
				1A255DF82E65E9C9005BA185 /* Sources */,
				1A255DF92E65E9C9005BA185 /* Frameworks */,
				1A255DFA2E65E9C9005BA185 /* Resources */,
			);
			buildRules = (
			);
			dependencies = (
				1A255DFE2E65E9C9005BA185 /* PBXTargetDependency */,
			);
			name = PantryPalUITests;
			productName = PantryPalUITests;
			productReference = 1A255DFC2E65E9C9005BA185 /* PantryPalUITests.xctest */;
			productType = "com.apple.product-type.bundle.ui-testing";
		};
/* End PBXNativeTarget section */

/* Begin PBXProject section */
		1A255DD82E65E9C7005BA185 /* Project object */ = {
			isa = PBXProject;
			attributes = {
				BuildIndependentTargetsInParallel = 1;
				LastSwiftUpdateCheck = 1540;
				LastUpgradeCheck = 1640;
				TargetAttributes = {
					1A255DDF2E65E9C7005BA185 = {
						CreatedOnToolsVersion = 15.4;
					};
					1A255DF12E65E9C9005BA185 = {
						CreatedOnToolsVersion = 15.4;
						TestTargetID = 1A255DDF2E65E9C7005BA185;
					};
					1A255DFB2E65E9C9005BA185 = {
						CreatedOnToolsVersion = 15.4;
						TestTargetID = 1A255DDF2E65E9C7005BA185;
					};
				};
			};
			buildConfigurationList = 1A255DDB2E65E9C7005BA185 /* Build configuration list for PBXProject "PantryPal" */;
			compatibilityVersion = "Xcode 14.0";
			developmentRegion = en;
			hasScannedForEncodings = 0;
			knownRegions = (
				en,
				Base,
			);
			mainGroup = 1A255DD72E65E9C7005BA185;
			packageReferences = (
				1A255E0F2E65EBE4005BA185 /* XCRemoteSwiftPackageReference "swift-composable-architecture" */,
			);
			productRefGroup = 1A255DE12E65E9C7005BA185 /* Products */;
			projectDirPath = "";
			projectRoot = "";
			targets = (
				1A255DDF2E65E9C7005BA185 /* PantryPal */,
				1A255DF12E65E9C9005BA185 /* PantryPalTests */,
				1A255DFB2E65E9C9005BA185 /* PantryPalUITests */,
			);
		};
/* End PBXProject section */

/* Begin PBXResourcesBuildPhase section */
		1A255DDE2E65E9C7005BA185 /* Resources */ = {
			isa = PBXResourcesBuildPhase;
			buildActionMask = 2147483647;
			files = (
				1A255DED2E65E9C9005BA185 /* Preview Assets.xcassets in Resources */,
				1A255DEA2E65E9C9005BA185 /* Assets.xcassets in Resources */,
			);
			runOnlyForDeploymentPostprocessing = 0;
		};
		1A255DF02E65E9C9005BA185 /* Resources */ = {
			isa = PBXResourcesBuildPhase;
			buildActionMask = 2147483647;
			files = (
			);
			runOnlyForDeploymentPostprocessing = 0;
		};
		1A255DFA2E65E9C9005BA185 /* Resources */ = {
			isa = PBXResourcesBuildPhase;
			buildActionMask = 2147483647;
			files = (
			);
			runOnlyForDeploymentPostprocessing = 0;
		};
/* End PBXResourcesBuildPhase section */

/* Begin PBXSourcesBuildPhase section */
		1A255DDC2E65E9C7005BA185 /* Sources */ = {
			isa = PBXSourcesBuildPhase;
			buildActionMask = 2147483647;
			files = (
				1A0786032E68726E008B50DE /* PlaceView.swift in Sources */,
				1A255DE62E65E9C7005BA185 /* ContentView.swift in Sources */,
				1A0786012E6871DC008B50DE /* PlaceFeature.swift in Sources */,
				1A07860B2E6A26A8008B50DE /* PersistenceModels.swift in Sources */,
				1A0786092E68BAAA008B50DE /* AddFoodItemView.swift in Sources */,
				1A255DE42E65E9C7005BA185 /* PantryPalApp.swift in Sources */,
				1A07860D2E6A281B008B50DE /* DBClient.swift in Sources */,
				1A0785FF2E687097008B50DE /* Domain.swift in Sources */,
				1A0786072E6872BC008B50DE /* PlacesView.swift in Sources */,
				1A0786052E687299008B50DE /* PlacesFeature.swift in Sources */,
				1A0889E92E6B587D00DE458B /* NotificationClient.swift in Sources */,
			);
			runOnlyForDeploymentPostprocessing = 0;
		};
		1A255DEE2E65E9C9005BA185 /* Sources */ = {
			isa = PBXSourcesBuildPhase;
			buildActionMask = 2147483647;
			files = (
				1A255DF72E65E9C9005BA185 /* PantryPalTests.swift in Sources */,
			);
			runOnlyForDeploymentPostprocessing = 0;
		};
		1A255DF82E65E9C9005BA185 /* Sources */ = {
			isa = PBXSourcesBuildPhase;
			buildActionMask = 2147483647;
			files = (
				1A255E032E65E9C9005BA185 /* PantryPalUITestsLaunchTests.swift in Sources */,
				1A255E012E65E9C9005BA185 /* PantryPalUITests.swift in Sources */,
			);
			runOnlyForDeploymentPostprocessing = 0;
		};
/* End PBXSourcesBuildPhase section */

/* Begin PBXTargetDependency section */
		1A255DF42E65E9C9005BA185 /* PBXTargetDependency */ = {
			isa = PBXTargetDependency;
			target = 1A255DDF2E65E9C7005BA185 /* PantryPal */;
			targetProxy = 1A255DF32E65E9C9005BA185 /* PBXContainerItemProxy */;
		};
		1A255DFE2E65E9C9005BA185 /* PBXTargetDependency */ = {
			isa = PBXTargetDependency;
			target = 1A255DDF2E65E9C7005BA185 /* PantryPal */;
			targetProxy = 1A255DFD2E65E9C9005BA185 /* PBXContainerItemProxy */;
		};
/* End PBXTargetDependency section */

/* Begin XCBuildConfiguration section */
		1A255E042E65E9C9005BA185 /* Debug */ = {
			isa = XCBuildConfiguration;
			buildSettings = {
				ALWAYS_SEARCH_USER_PATHS = NO;
				ASSETCATALOG_COMPILER_GENERATE_SWIFT_ASSET_SYMBOL_EXTENSIONS = YES;
				CLANG_ANALYZER_NONNULL = YES;
				CLANG_ANALYZER_NUMBER_OBJECT_CONVERSION = YES_AGGRESSIVE;
				CLANG_CXX_LANGUAGE_STANDARD = "gnu++20";
				CLANG_ENABLE_MODULES = YES;
				CLANG_ENABLE_OBJC_ARC = YES;
				CLANG_ENABLE_OBJC_WEAK = YES;
				CLANG_WARN_BLOCK_CAPTURE_AUTORELEASING = YES;
				CLANG_WARN_BOOL_CONVERSION = YES;
				CLANG_WARN_COMMA = YES;
				CLANG_WARN_CONSTANT_CONVERSION = YES;
				CLANG_WARN_DEPRECATED_OBJC_IMPLEMENTATIONS = YES;
				CLANG_WARN_DIRECT_OBJC_ISA_USAGE = YES_ERROR;
				CLANG_WARN_DOCUMENTATION_COMMENTS = YES;
				CLANG_WARN_EMPTY_BODY = YES;
				CLANG_WARN_ENUM_CONVERSION = YES;
				CLANG_WARN_INFINITE_RECURSION = YES;
				CLANG_WARN_INT_CONVERSION = YES;
				CLANG_WARN_NON_LITERAL_NULL_CONVERSION = YES;
				CLANG_WARN_OBJC_IMPLICIT_RETAIN_SELF = YES;
				CLANG_WARN_OBJC_LITERAL_CONVERSION = YES;
				CLANG_WARN_OBJC_ROOT_CLASS = YES_ERROR;
				CLANG_WARN_QUOTED_INCLUDE_IN_FRAMEWORK_HEADER = YES;
				CLANG_WARN_RANGE_LOOP_ANALYSIS = YES;
				CLANG_WARN_STRICT_PROTOTYPES = YES;
				CLANG_WARN_SUSPICIOUS_MOVE = YES;
				CLANG_WARN_UNGUARDED_AVAILABILITY = YES_AGGRESSIVE;
				CLANG_WARN_UNREACHABLE_CODE = YES;
				CLANG_WARN__DUPLICATE_METHOD_MATCH = YES;
				COPY_PHASE_STRIP = NO;
				DEBUG_INFORMATION_FORMAT = dwarf;
				DEVELOPMENT_TEAM = 9H4HM9FG44;
				ENABLE_STRICT_OBJC_MSGSEND = YES;
				ENABLE_TESTABILITY = YES;
				ENABLE_USER_SCRIPT_SANDBOXING = YES;
				GCC_C_LANGUAGE_STANDARD = gnu17;
				GCC_DYNAMIC_NO_PIC = NO;
				GCC_NO_COMMON_BLOCKS = YES;
				GCC_OPTIMIZATION_LEVEL = 0;
				GCC_PREPROCESSOR_DEFINITIONS = (
					"DEBUG=1",
					"$(inherited)",
				);
				GCC_WARN_64_TO_32_BIT_CONVERSION = YES;
				GCC_WARN_ABOUT_RETURN_TYPE = YES_ERROR;
				GCC_WARN_UNDECLARED_SELECTOR = YES;
				GCC_WARN_UNINITIALIZED_AUTOS = YES_AGGRESSIVE;
				GCC_WARN_UNUSED_FUNCTION = YES;
				GCC_WARN_UNUSED_VARIABLE = YES;
				IPHONEOS_DEPLOYMENT_TARGET = 17.5;
				LOCALIZATION_PREFERS_STRING_CATALOGS = YES;
				MTL_ENABLE_DEBUG_INFO = INCLUDE_SOURCE;
				MTL_FAST_MATH = YES;
				ONLY_ACTIVE_ARCH = YES;
				SDKROOT = iphoneos;
				SWIFT_ACTIVE_COMPILATION_CONDITIONS = "DEBUG $(inherited)";
				SWIFT_OPTIMIZATION_LEVEL = "-Onone";
			};
			name = Debug;
		};
		1A255E052E65E9C9005BA185 /* Release */ = {
			isa = XCBuildConfiguration;
			buildSettings = {
				ALWAYS_SEARCH_USER_PATHS = NO;
				ASSETCATALOG_COMPILER_GENERATE_SWIFT_ASSET_SYMBOL_EXTENSIONS = YES;
				CLANG_ANALYZER_NONNULL = YES;
				CLANG_ANALYZER_NUMBER_OBJECT_CONVERSION = YES_AGGRESSIVE;
				CLANG_CXX_LANGUAGE_STANDARD = "gnu++20";
				CLANG_ENABLE_MODULES = YES;
				CLANG_ENABLE_OBJC_ARC = YES;
				CLANG_ENABLE_OBJC_WEAK = YES;
				CLANG_WARN_BLOCK_CAPTURE_AUTORELEASING = YES;
				CLANG_WARN_BOOL_CONVERSION = YES;
				CLANG_WARN_COMMA = YES;
				CLANG_WARN_CONSTANT_CONVERSION = YES;
				CLANG_WARN_DEPRECATED_OBJC_IMPLEMENTATIONS = YES;
				CLANG_WARN_DIRECT_OBJC_ISA_USAGE = YES_ERROR;
				CLANG_WARN_DOCUMENTATION_COMMENTS = YES;
				CLANG_WARN_EMPTY_BODY = YES;
				CLANG_WARN_ENUM_CONVERSION = YES;
				CLANG_WARN_INFINITE_RECURSION = YES;
				CLANG_WARN_INT_CONVERSION = YES;
				CLANG_WARN_NON_LITERAL_NULL_CONVERSION = YES;
				CLANG_WARN_OBJC_IMPLICIT_RETAIN_SELF = YES;
				CLANG_WARN_OBJC_LITERAL_CONVERSION = YES;
				CLANG_WARN_OBJC_ROOT_CLASS = YES_ERROR;
				CLANG_WARN_QUOTED_INCLUDE_IN_FRAMEWORK_HEADER = YES;
				CLANG_WARN_RANGE_LOOP_ANALYSIS = YES;
				CLANG_WARN_STRICT_PROTOTYPES = YES;
				CLANG_WARN_SUSPICIOUS_MOVE = YES;
				CLANG_WARN_UNGUARDED_AVAILABILITY = YES_AGGRESSIVE;
				CLANG_WARN_UNREACHABLE_CODE = YES;
				CLANG_WARN__DUPLICATE_METHOD_MATCH = YES;
				COPY_PHASE_STRIP = NO;
				DEBUG_INFORMATION_FORMAT = "dwarf-with-dsym";
				DEVELOPMENT_TEAM = 9H4HM9FG44;
				ENABLE_NS_ASSERTIONS = NO;
				ENABLE_STRICT_OBJC_MSGSEND = YES;
				ENABLE_USER_SCRIPT_SANDBOXING = YES;
				GCC_C_LANGUAGE_STANDARD = gnu17;
				GCC_NO_COMMON_BLOCKS = YES;
				GCC_WARN_64_TO_32_BIT_CONVERSION = YES;
				GCC_WARN_ABOUT_RETURN_TYPE = YES_ERROR;
				GCC_WARN_UNDECLARED_SELECTOR = YES;
				GCC_WARN_UNINITIALIZED_AUTOS = YES_AGGRESSIVE;
				GCC_WARN_UNUSED_FUNCTION = YES;
				GCC_WARN_UNUSED_VARIABLE = YES;
				IPHONEOS_DEPLOYMENT_TARGET = 17.5;
				LOCALIZATION_PREFERS_STRING_CATALOGS = YES;
				MTL_ENABLE_DEBUG_INFO = NO;
				MTL_FAST_MATH = YES;
				SDKROOT = iphoneos;
				SWIFT_COMPILATION_MODE = wholemodule;
				VALIDATE_PRODUCT = YES;
			};
			name = Release;
		};
		1A255E072E65E9C9005BA185 /* Debug */ = {
			isa = XCBuildConfiguration;
			buildSettings = {
				ASSETCATALOG_COMPILER_APPICON_NAME = AppIcon;
				ASSETCATALOG_COMPILER_GLOBAL_ACCENT_COLOR_NAME = AccentColor;
				CODE_SIGN_IDENTITY = "Apple Development";
				CODE_SIGN_STYLE = Automatic;
				CURRENT_PROJECT_VERSION = 1;
				DEVELOPMENT_ASSET_PATHS = "\"PantryPal/Preview Content\"";
				DEVELOPMENT_TEAM = 9H4HM9FG44;
				ENABLE_PREVIEWS = YES;
				GENERATE_INFOPLIST_FILE = YES;
				INFOPLIST_KEY_UIApplicationSceneManifest_Generation = YES;
				INFOPLIST_KEY_UIApplicationSupportsIndirectInputEvents = YES;
				INFOPLIST_KEY_UILaunchScreen_Generation = YES;
				INFOPLIST_KEY_UISupportedInterfaceOrientations_iPad = "UIInterfaceOrientationPortrait UIInterfaceOrientationPortraitUpsideDown UIInterfaceOrientationLandscapeLeft UIInterfaceOrientationLandscapeRight";
				INFOPLIST_KEY_UISupportedInterfaceOrientations_iPhone = "UIInterfaceOrientationPortrait UIInterfaceOrientationLandscapeLeft UIInterfaceOrientationLandscapeRight";
				LD_RUNPATH_SEARCH_PATHS = (
					"$(inherited)",
					"@executable_path/Frameworks",
				);
				MARKETING_VERSION = 1.0;
				PRODUCT_BUNDLE_IDENTIFIER = VALMAD.PantryPal;
				PRODUCT_NAME = "$(TARGET_NAME)";
				PROVISIONING_PROFILE_SPECIFIER = "";
				SWIFT_EMIT_LOC_STRINGS = YES;
				SWIFT_VERSION = 5.0;
				TARGETED_DEVICE_FAMILY = "1,2";
			};
			name = Debug;
		};
		1A255E082E65E9C9005BA185 /* Release */ = {
			isa = XCBuildConfiguration;
			buildSettings = {
				ASSETCATALOG_COMPILER_APPICON_NAME = AppIcon;
				ASSETCATALOG_COMPILER_GLOBAL_ACCENT_COLOR_NAME = AccentColor;
				CODE_SIGN_IDENTITY = "Apple Development";
				CODE_SIGN_STYLE = Automatic;
				CURRENT_PROJECT_VERSION = 1;
				DEVELOPMENT_ASSET_PATHS = "\"PantryPal/Preview Content\"";
				DEVELOPMENT_TEAM = 9H4HM9FG44;
				ENABLE_PREVIEWS = YES;
				GENERATE_INFOPLIST_FILE = YES;
				INFOPLIST_KEY_UIApplicationSceneManifest_Generation = YES;
				INFOPLIST_KEY_UIApplicationSupportsIndirectInputEvents = YES;
				INFOPLIST_KEY_UILaunchScreen_Generation = YES;
				INFOPLIST_KEY_UISupportedInterfaceOrientations_iPad = "UIInterfaceOrientationPortrait UIInterfaceOrientationPortraitUpsideDown UIInterfaceOrientationLandscapeLeft UIInterfaceOrientationLandscapeRight";
				INFOPLIST_KEY_UISupportedInterfaceOrientations_iPhone = "UIInterfaceOrientationPortrait UIInterfaceOrientationLandscapeLeft UIInterfaceOrientationLandscapeRight";
				LD_RUNPATH_SEARCH_PATHS = (
					"$(inherited)",
					"@executable_path/Frameworks",
				);
				MARKETING_VERSION = 1.0;
				PRODUCT_BUNDLE_IDENTIFIER = VALMAD.PantryPal;
				PRODUCT_NAME = "$(TARGET_NAME)";
				PROVISIONING_PROFILE_SPECIFIER = "";
				SWIFT_EMIT_LOC_STRINGS = YES;
				SWIFT_VERSION = 5.0;
				TARGETED_DEVICE_FAMILY = "1,2";
			};
			name = Release;
		};
		1A255E0A2E65E9C9005BA185 /* Debug */ = {
			isa = XCBuildConfiguration;
			buildSettings = {
				BUNDLE_LOADER = "$(TEST_HOST)";
				CODE_SIGN_STYLE = Automatic;
				CURRENT_PROJECT_VERSION = 1;
				GENERATE_INFOPLIST_FILE = YES;
				IPHONEOS_DEPLOYMENT_TARGET = 17.5;
				MARKETING_VERSION = 1.0;
				PRODUCT_BUNDLE_IDENTIFIER = VALMAD.PantryPalTests;
				PRODUCT_NAME = "$(TARGET_NAME)";
				SWIFT_EMIT_LOC_STRINGS = NO;
				SWIFT_VERSION = 5.0;
				TARGETED_DEVICE_FAMILY = "1,2";
				TEST_HOST = "$(BUILT_PRODUCTS_DIR)/PantryPal.app/$(BUNDLE_EXECUTABLE_FOLDER_PATH)/PantryPal";
			};
			name = Debug;
		};
		1A255E0B2E65E9C9005BA185 /* Release */ = {
			isa = XCBuildConfiguration;
			buildSettings = {
				BUNDLE_LOADER = "$(TEST_HOST)";
				CODE_SIGN_STYLE = Automatic;
				CURRENT_PROJECT_VERSION = 1;
				GENERATE_INFOPLIST_FILE = YES;
				IPHONEOS_DEPLOYMENT_TARGET = 17.5;
				MARKETING_VERSION = 1.0;
				PRODUCT_BUNDLE_IDENTIFIER = VALMAD.PantryPalTests;
				PRODUCT_NAME = "$(TARGET_NAME)";
				SWIFT_EMIT_LOC_STRINGS = NO;
				SWIFT_VERSION = 5.0;
				TARGETED_DEVICE_FAMILY = "1,2";
				TEST_HOST = "$(BUILT_PRODUCTS_DIR)/PantryPal.app/$(BUNDLE_EXECUTABLE_FOLDER_PATH)/PantryPal";
			};
			name = Release;
		};
		1A255E0D2E65E9C9005BA185 /* Debug */ = {
			isa = XCBuildConfiguration;
			buildSettings = {
				CODE_SIGN_STYLE = Automatic;
				CURRENT_PROJECT_VERSION = 1;
				GENERATE_INFOPLIST_FILE = YES;
				MARKETING_VERSION = 1.0;
				PRODUCT_BUNDLE_IDENTIFIER = VALMAD.PantryPalUITests;
				PRODUCT_NAME = "$(TARGET_NAME)";
				SWIFT_EMIT_LOC_STRINGS = NO;
				SWIFT_VERSION = 5.0;
				TARGETED_DEVICE_FAMILY = "1,2";
				TEST_TARGET_NAME = PantryPal;
			};
			name = Debug;
		};
		1A255E0E2E65E9C9005BA185 /* Release */ = {
			isa = XCBuildConfiguration;
			buildSettings = {
				CODE_SIGN_STYLE = Automatic;
				CURRENT_PROJECT_VERSION = 1;
				GENERATE_INFOPLIST_FILE = YES;
				MARKETING_VERSION = 1.0;
				PRODUCT_BUNDLE_IDENTIFIER = VALMAD.PantryPalUITests;
				PRODUCT_NAME = "$(TARGET_NAME)";
				SWIFT_EMIT_LOC_STRINGS = NO;
				SWIFT_VERSION = 5.0;
				TARGETED_DEVICE_FAMILY = "1,2";
				TEST_TARGET_NAME = PantryPal;
			};
			name = Release;
		};
/* End XCBuildConfiguration section */

/* Begin XCConfigurationList section */
		1A255DDB2E65E9C7005BA185 /* Build configuration list for PBXProject "PantryPal" */ = {
			isa = XCConfigurationList;
			buildConfigurations = (
				1A255E042E65E9C9005BA185 /* Debug */,
				1A255E052E65E9C9005BA185 /* Release */,
			);
			defaultConfigurationIsVisible = 0;
			defaultConfigurationName = Release;
		};
		1A255E062E65E9C9005BA185 /* Build configuration list for PBXNativeTarget "PantryPal" */ = {
			isa = XCConfigurationList;
			buildConfigurations = (
				1A255E072E65E9C9005BA185 /* Debug */,
				1A255E082E65E9C9005BA185 /* Release */,
			);
			defaultConfigurationIsVisible = 0;
			defaultConfigurationName = Release;
		};
		1A255E092E65E9C9005BA185 /* Build configuration list for PBXNativeTarget "PantryPalTests" */ = {
			isa = XCConfigurationList;
			buildConfigurations = (
				1A255E0A2E65E9C9005BA185 /* Debug */,
				1A255E0B2E65E9C9005BA185 /* Release */,
			);
			defaultConfigurationIsVisible = 0;
			defaultConfigurationName = Release;
		};
		1A255E0C2E65E9C9005BA185 /* Build configuration list for PBXNativeTarget "PantryPalUITests" */ = {
			isa = XCConfigurationList;
			buildConfigurations = (
				1A255E0D2E65E9C9005BA185 /* Debug */,
				1A255E0E2E65E9C9005BA185 /* Release */,
			);
			defaultConfigurationIsVisible = 0;
			defaultConfigurationName = Release;
		};
/* End XCConfigurationList section */

/* Begin XCRemoteSwiftPackageReference section */
		1A255E0F2E65EBE4005BA185 /* XCRemoteSwiftPackageReference "swift-composable-architecture" */ = {
			isa = XCRemoteSwiftPackageReference;
			repositoryURL = "https://github.com/pointfreeco/swift-composable-architecture";
			requirement = {
				kind = upToNextMajorVersion;
				minimumVersion = 1.22.2;
			};
		};
/* End XCRemoteSwiftPackageReference section */

/* Begin XCSwiftPackageProductDependency section */
		1A255E112E65EC4C005BA185 /* ComposableArchitecture */ = {
			isa = XCSwiftPackageProductDependency;
			package = 1A255E0F2E65EBE4005BA185 /* XCRemoteSwiftPackageReference "swift-composable-architecture" */;
			productName = ComposableArchitecture;
		};
/* End XCSwiftPackageProductDependency section */
	};
	rootObject = 1A255DD82E65E9C7005BA185 /* Project object */;
}
